// !$*UTF8*$!
{
	archiveVersion = 1;
	classes = {
	};
	objectVersion = 77;
	objects = {

/* Begin PBXBuildFile section */
		579C8D2241F8A71EB3EB01FC /* Pods_YoutubeCloneTests.framework in Frameworks */ = {isa = PBXBuildFile; fileRef = A48E84BE155CB763696484BD /* Pods_YoutubeCloneTests.framework */; };
		9F0DB9AF61AE79AA8A9877B8 /* Pods_YoutubeClone_YoutubeCloneUITests.framework in Frameworks */ = {isa = PBXBuildFile; fileRef = B966E39B853A7410DF5133F7 /* Pods_YoutubeClone_YoutubeCloneUITests.framework */; };
		A2E54D962EEEF076006005B9 /* YouTubePlayerKit in Frameworks */ = {isa = PBXBuildFile; productRef = A2E54D952EEEF076006005B9 /* YouTubePlayerKit */; };
/* End PBXBuildFile section */

/* Begin PBXContainerItemProxy section */
		A2391C132EEC533200D34247 /* PBXContainerItemProxy */ = {
			isa = PBXContainerItemProxy;
			containerPortal = A2391BFD2EEC533100D34247 /* Project object */;
			proxyType = 1;
			remoteGlobalIDString = A2391C042EEC533100D34247;
			remoteInfo = YoutubeClone;
		};
		A2391C1D2EEC533200D34247 /* PBXContainerItemProxy */ = {
			isa = PBXContainerItemProxy;
			containerPortal = A2391BFD2EEC533100D34247 /* Project object */;
			proxyType = 1;
			remoteGlobalIDString = A2391C042EEC533100D34247;
			remoteInfo = YoutubeClone;
		};
/* End PBXContainerItemProxy section */

/* Begin PBXFileReference section */
		32B6D8945F83B86357C64912 /* Pods-YoutubeClone-YoutubeCloneUITests.debug.xcconfig */ = {isa = PBXFileReference; includeInIndex = 1; lastKnownFileType = text.xcconfig; name = "Pods-YoutubeClone-YoutubeCloneUITests.debug.xcconfig"; path = "Target Support Files/Pods-YoutubeClone-YoutubeCloneUITests/Pods-YoutubeClone-YoutubeCloneUITests.debug.xcconfig"; sourceTree = "<group>"; };
		46946340BA0F5CCBE6B1E984 /* Pods-YoutubeClone.release.xcconfig */ = {isa = PBXFileReference; includeInIndex = 1; lastKnownFileType = text.xcconfig; name = "Pods-YoutubeClone.release.xcconfig"; path = "Target Support Files/Pods-YoutubeClone/Pods-YoutubeClone.release.xcconfig"; sourceTree = "<group>"; };
		9D7F4FFB9467547F60AAE209 /* Pods-YoutubeCloneTests.debug.xcconfig */ = {isa = PBXFileReference; includeInIndex = 1; lastKnownFileType = text.xcconfig; name = "Pods-YoutubeCloneTests.debug.xcconfig"; path = "Target Support Files/Pods-YoutubeCloneTests/Pods-YoutubeCloneTests.debug.xcconfig"; sourceTree = "<group>"; };
		A2391C052EEC533100D34247 /* YoutubeClone.app */ = {isa = PBXFileReference; explicitFileType = wrapper.application; includeInIndex = 0; path = YoutubeClone.app; sourceTree = BUILT_PRODUCTS_DIR; };
		A2391C122EEC533200D34247 /* YoutubeCloneTests.xctest */ = {isa = PBXFileReference; explicitFileType = wrapper.cfbundle; includeInIndex = 0; path = YoutubeCloneTests.xctest; sourceTree = BUILT_PRODUCTS_DIR; };
		A2391C1C2EEC533200D34247 /* YoutubeCloneUITests.xctest */ = {isa = PBXFileReference; explicitFileType = wrapper.cfbundle; includeInIndex = 0; path = YoutubeCloneUITests.xctest; sourceTree = BUILT_PRODUCTS_DIR; };
		A48E84BE155CB763696484BD /* Pods_YoutubeCloneTests.framework */ = {isa = PBXFileReference; explicitFileType = wrapper.framework; includeInIndex = 0; path = Pods_YoutubeCloneTests.framework; sourceTree = BUILT_PRODUCTS_DIR; };
		B966E39B853A7410DF5133F7 /* Pods_YoutubeClone_YoutubeCloneUITests.framework */ = {isa = PBXFileReference; explicitFileType = wrapper.framework; includeInIndex = 0; path = Pods_YoutubeClone_YoutubeCloneUITests.framework; sourceTree = BUILT_PRODUCTS_DIR; };
		D49A3835512DB2383797FA5D /* Pods_YoutubeClone.framework */ = {isa = PBXFileReference; explicitFileType = wrapper.framework; includeInIndex = 0; path = Pods_YoutubeClone.framework; sourceTree = BUILT_PRODUCTS_DIR; };
		E494297D8A816405271E5928 /* Pods-YoutubeCloneTests.release.xcconfig */ = {isa = PBXFileReference; includeInIndex = 1; lastKnownFileType = text.xcconfig; name = "Pods-YoutubeCloneTests.release.xcconfig"; path = "Target Support Files/Pods-YoutubeCloneTests/Pods-YoutubeCloneTests.release.xcconfig"; sourceTree = "<group>"; };
		FABBA2EB5D094885E970C307 /* Pods-YoutubeClone-YoutubeCloneUITests.release.xcconfig */ = {isa = PBXFileReference; includeInIndex = 1; lastKnownFileType = text.xcconfig; name = "Pods-YoutubeClone-YoutubeCloneUITests.release.xcconfig"; path = "Target Support Files/Pods-YoutubeClone-YoutubeCloneUITests/Pods-YoutubeClone-YoutubeCloneUITests.release.xcconfig"; sourceTree = "<group>"; };
		FBA87DFBE955AC05FD8911A9 /* Pods-YoutubeClone.debug.xcconfig */ = {isa = PBXFileReference; includeInIndex = 1; lastKnownFileType = text.xcconfig; name = "Pods-YoutubeClone.debug.xcconfig"; path = "Target Support Files/Pods-YoutubeClone/Pods-YoutubeClone.debug.xcconfig"; sourceTree = "<group>"; };
/* End PBXFileReference section */

/* Begin PBXFileSystemSynchronizedBuildFileExceptionSet section */
		A2391C302EEC535A00D34247 /* Exceptions for "YoutubeClone" folder in "YoutubeClone" target */ = {
			isa = PBXFileSystemSynchronizedBuildFileExceptionSet;
			membershipExceptions = (
				Info.plist,
			);
			target = A2391C042EEC533100D34247 /* YoutubeClone */;
		};
/* End PBXFileSystemSynchronizedBuildFileExceptionSet section */

/* Begin PBXFileSystemSynchronizedRootGroup section */
		A2391C072EEC533100D34247 /* YoutubeClone */ = {
			isa = PBXFileSystemSynchronizedRootGroup;
			exceptions = (
				A2391C302EEC535A00D34247 /* Exceptions for "YoutubeClone" folder in "YoutubeClone" target */,
			);
			path = YoutubeClone;
			sourceTree = "<group>";
		};
		A2391C152EEC533200D34247 /* YoutubeCloneTests */ = {
			isa = PBXFileSystemSynchronizedRootGroup;
			path = YoutubeCloneTests;
			sourceTree = "<group>";
		};
		A2391C1F2EEC533200D34247 /* YoutubeCloneUITests */ = {
			isa = PBXFileSystemSynchronizedRootGroup;
			path = YoutubeCloneUITests;
			sourceTree = "<group>";
		};
/* End PBXFileSystemSynchronizedRootGroup section */

/* Begin PBXFrameworksBuildPhase section */
		A2391C022EEC533100D34247 /* Frameworks */ = {
			isa = PBXFrameworksBuildPhase;
			buildActionMask = 2147483647;
			files = (
				A2E54D962EEEF076006005B9 /* YouTubePlayerKit in Frameworks */,
			);
			runOnlyForDeploymentPostprocessing = 0;
		};
		A2391C0F2EEC533200D34247 /* Frameworks */ = {
			isa = PBXFrameworksBuildPhase;
			buildActionMask = 2147483647;
			files = (
				579C8D2241F8A71EB3EB01FC /* Pods_YoutubeCloneTests.framework in Frameworks */,
			);
			runOnlyForDeploymentPostprocessing = 0;
		};
		A2391C192EEC533200D34247 /* Frameworks */ = {
			isa = PBXFrameworksBuildPhase;
			buildActionMask = 2147483647;
			files = (
				9F0DB9AF61AE79AA8A9877B8 /* Pods_YoutubeClone_YoutubeCloneUITests.framework in Frameworks */,
			);
			runOnlyForDeploymentPostprocessing = 0;
		};
/* End PBXFrameworksBuildPhase section */

/* Begin PBXGroup section */
		38EA8B3E579F1CBD4087DD6E /* Pods */ = {
			isa = PBXGroup;
			children = (
				FBA87DFBE955AC05FD8911A9 /* Pods-YoutubeClone.debug.xcconfig */,
				46946340BA0F5CCBE6B1E984 /* Pods-YoutubeClone.release.xcconfig */,
				32B6D8945F83B86357C64912 /* Pods-YoutubeClone-YoutubeCloneUITests.debug.xcconfig */,
				FABBA2EB5D094885E970C307 /* Pods-YoutubeClone-YoutubeCloneUITests.release.xcconfig */,
				9D7F4FFB9467547F60AAE209 /* Pods-YoutubeCloneTests.debug.xcconfig */,
				E494297D8A816405271E5928 /* Pods-YoutubeCloneTests.release.xcconfig */,
			);
			path = Pods;
			sourceTree = "<group>";
		};
		8E8F4758225CBC0B601AAF1A /* Frameworks */ = {
			isa = PBXGroup;
			children = (
				D49A3835512DB2383797FA5D /* Pods_YoutubeClone.framework */,
				B966E39B853A7410DF5133F7 /* Pods_YoutubeClone_YoutubeCloneUITests.framework */,
				A48E84BE155CB763696484BD /* Pods_YoutubeCloneTests.framework */,
			);
			name = Frameworks;
			sourceTree = "<group>";
		};
		A2391BFC2EEC533100D34247 = {
			isa = PBXGroup;
			children = (
				A2391C072EEC533100D34247 /* YoutubeClone */,
				A2391C152EEC533200D34247 /* YoutubeCloneTests */,
				A2391C1F2EEC533200D34247 /* YoutubeCloneUITests */,
				A2391C062EEC533100D34247 /* Products */,
				38EA8B3E579F1CBD4087DD6E /* Pods */,
				8E8F4758225CBC0B601AAF1A /* Frameworks */,
			);
			sourceTree = "<group>";
		};
		A2391C062EEC533100D34247 /* Products */ = {
			isa = PBXGroup;
			children = (
				A2391C052EEC533100D34247 /* YoutubeClone.app */,
				A2391C122EEC533200D34247 /* YoutubeCloneTests.xctest */,
				A2391C1C2EEC533200D34247 /* YoutubeCloneUITests.xctest */,
			);
			name = Products;
			sourceTree = "<group>";
		};
/* End PBXGroup section */

/* Begin PBXNativeTarget section */
		A2391C042EEC533100D34247 /* YoutubeClone */ = {
			isa = PBXNativeTarget;
			buildConfigurationList = A2391C262EEC533200D34247 /* Build configuration list for PBXNativeTarget "YoutubeClone" */;
			buildPhases = (
				DA2475BEC09D20D6487AF7BD /* [CP] Check Pods Manifest.lock */,
				A2391C012EEC533100D34247 /* Sources */,
				A2391C022EEC533100D34247 /* Frameworks */,
				A2391C032EEC533100D34247 /* Resources */,
			);
			buildRules = (
			);
			dependencies = (
			);
			fileSystemSynchronizedGroups = (
				A2391C072EEC533100D34247 /* YoutubeClone */,
			);
			name = YoutubeClone;
			productName = YoutubeClone;
			productReference = A2391C052EEC533100D34247 /* YoutubeClone.app */;
			productType = "com.apple.product-type.application";
		};
		A2391C112EEC533200D34247 /* YoutubeCloneTests */ = {
			isa = PBXNativeTarget;
			buildConfigurationList = A2391C292EEC533200D34247 /* Build configuration list for PBXNativeTarget "YoutubeCloneTests" */;
			buildPhases = (
				0A6F5D8412AA05C914C6F8DF /* [CP] Check Pods Manifest.lock */,
				A2391C0E2EEC533200D34247 /* Sources */,
				A2391C0F2EEC533200D34247 /* Frameworks */,
				A2391C102EEC533200D34247 /* Resources */,
			);
			buildRules = (
			);
			dependencies = (
				A2391C142EEC533200D34247 /* PBXTargetDependency */,
			);
			fileSystemSynchronizedGroups = (
				A2391C152EEC533200D34247 /* YoutubeCloneTests */,
			);
			name = YoutubeCloneTests;
			productName = YoutubeCloneTests;
			productReference = A2391C122EEC533200D34247 /* YoutubeCloneTests.xctest */;
			productType = "com.apple.product-type.bundle.unit-test";
		};
		A2391C1B2EEC533200D34247 /* YoutubeCloneUITests */ = {
			isa = PBXNativeTarget;
			buildConfigurationList = A2391C2C2EEC533200D34247 /* Build configuration list for PBXNativeTarget "YoutubeCloneUITests" */;
			buildPhases = (
				960C188D06368D0C422C0949 /* [CP] Check Pods Manifest.lock */,
				A2391C182EEC533200D34247 /* Sources */,
				A2391C192EEC533200D34247 /* Frameworks */,
				A2391C1A2EEC533200D34247 /* Resources */,
			);
			buildRules = (
			);
			dependencies = (
				A2391C1E2EEC533200D34247 /* PBXTargetDependency */,
			);
			fileSystemSynchronizedGroups = (
				A2391C1F2EEC533200D34247 /* YoutubeCloneUITests */,
			);
			name = YoutubeCloneUITests;
			productName = YoutubeCloneUITests;
			productReference = A2391C1C2EEC533200D34247 /* YoutubeCloneUITests.xctest */;
			productType = "com.apple.product-type.bundle.ui-testing";
		};
/* End PBXNativeTarget section */

/* Begin PBXProject section */
		A2391BFD2EEC533100D34247 /* Project object */ = {
			isa = PBXProject;
			attributes = {
				BuildIndependentTargetsInParallel = 1;
				LastSwiftUpdateCheck = 2610;
				LastUpgradeCheck = 2610;
				TargetAttributes = {
					A2391C042EEC533100D34247 = {
						CreatedOnToolsVersion = 26.1.1;
					};
					A2391C112EEC533200D34247 = {
						CreatedOnToolsVersion = 26.1.1;
						TestTargetID = A2391C042EEC533100D34247;
					};
					A2391C1B2EEC533200D34247 = {
						CreatedOnToolsVersion = 26.1.1;
						TestTargetID = A2391C042EEC533100D34247;
					};
				};
			};
			buildConfigurationList = A2391C002EEC533100D34247 /* Build configuration list for PBXProject "YoutubeClone" */;
			developmentRegion = en;
			hasScannedForEncodings = 0;
			knownRegions = (
				en,
				Base,
			);
			mainGroup = A2391BFC2EEC533100D34247;
			minimizedProjectReferenceProxies = 1;
			packageReferences = (
				A2E54D942EEEF042006005B9 /* XCRemoteSwiftPackageReference "YouTubePlayerKit" */,
			);
			preferredProjectObjectVersion = 77;
			productRefGroup = A2391C062EEC533100D34247 /* Products */;
			projectDirPath = "";
			projectRoot = "";
			targets = (
				A2391C042EEC533100D34247 /* YoutubeClone */,
				A2391C112EEC533200D34247 /* YoutubeCloneTests */,
				A2391C1B2EEC533200D34247 /* YoutubeCloneUITests */,
			);
		};
/* End PBXProject section */

/* Begin PBXResourcesBuildPhase section */
		A2391C032EEC533100D34247 /* Resources */ = {
			isa = PBXResourcesBuildPhase;
			buildActionMask = 2147483647;
			files = (
			);
			runOnlyForDeploymentPostprocessing = 0;
		};
		A2391C102EEC533200D34247 /* Resources */ = {
			isa = PBXResourcesBuildPhase;
			buildActionMask = 2147483647;
			files = (
			);
			runOnlyForDeploymentPostprocessing = 0;
		};
		A2391C1A2EEC533200D34247 /* Resources */ = {
			isa = PBXResourcesBuildPhase;
			buildActionMask = 2147483647;
			files = (
			);
			runOnlyForDeploymentPostprocessing = 0;
		};
/* End PBXResourcesBuildPhase section */

/* Begin PBXShellScriptBuildPhase section */
		0A6F5D8412AA05C914C6F8DF /* [CP] Check Pods Manifest.lock */ = {
			isa = PBXShellScriptBuildPhase;
			buildActionMask = 2147483647;
			files = (
			);
			inputFileListPaths = (
			);
			inputPaths = (
				"${PODS_PODFILE_DIR_PATH}/Podfile.lock",
				"${PODS_ROOT}/Manifest.lock",
			);
			name = "[CP] Check Pods Manifest.lock";
			outputFileListPaths = (
			);
			outputPaths = (
				"$(DERIVED_FILE_DIR)/Pods-YoutubeCloneTests-checkManifestLockResult.txt",
			);
			runOnlyForDeploymentPostprocessing = 0;
			shellPath = /bin/sh;
			shellScript = "diff \"${PODS_PODFILE_DIR_PATH}/Podfile.lock\" \"${PODS_ROOT}/Manifest.lock\" > /dev/null\nif [ $? != 0 ] ; then\n    # print error to STDERR\n    echo \"error: The sandbox is not in sync with the Podfile.lock. Run 'pod install' or update your CocoaPods installation.\" >&2\n    exit 1\nfi\n# This output is used by Xcode 'outputs' to avoid re-running this script phase.\necho \"SUCCESS\" > \"${SCRIPT_OUTPUT_FILE_0}\"\n";
			showEnvVarsInLog = 0;
		};
		960C188D06368D0C422C0949 /* [CP] Check Pods Manifest.lock */ = {
			isa = PBXShellScriptBuildPhase;
			buildActionMask = 2147483647;
			files = (
			);
			inputFileListPaths = (
			);
			inputPaths = (
				"${PODS_PODFILE_DIR_PATH}/Podfile.lock",
				"${PODS_ROOT}/Manifest.lock",
			);
			name = "[CP] Check Pods Manifest.lock";
			outputFileListPaths = (
			);
			outputPaths = (
				"$(DERIVED_FILE_DIR)/Pods-YoutubeClone-YoutubeCloneUITests-checkManifestLockResult.txt",
			);
			runOnlyForDeploymentPostprocessing = 0;
			shellPath = /bin/sh;
			shellScript = "diff \"${PODS_PODFILE_DIR_PATH}/Podfile.lock\" \"${PODS_ROOT}/Manifest.lock\" > /dev/null\nif [ $? != 0 ] ; then\n    # print error to STDERR\n    echo \"error: The sandbox is not in sync with the Podfile.lock. Run 'pod install' or update your CocoaPods installation.\" >&2\n    exit 1\nfi\n# This output is used by Xcode 'outputs' to avoid re-running this script phase.\necho \"SUCCESS\" > \"${SCRIPT_OUTPUT_FILE_0}\"\n";
			showEnvVarsInLog = 0;
		};
		DA2475BEC09D20D6487AF7BD /* [CP] Check Pods Manifest.lock */ = {
			isa = PBXShellScriptBuildPhase;
			buildActionMask = 2147483647;
			files = (
			);
			inputFileListPaths = (
			);
			inputPaths = (
				"${PODS_PODFILE_DIR_PATH}/Podfile.lock",
				"${PODS_ROOT}/Manifest.lock",
			);
			name = "[CP] Check Pods Manifest.lock";
			outputFileListPaths = (
			);
			outputPaths = (
				"$(DERIVED_FILE_DIR)/Pods-YoutubeClone-checkManifestLockResult.txt",
			);
			runOnlyForDeploymentPostprocessing = 0;
			shellPath = /bin/sh;
			shellScript = "diff \"${PODS_PODFILE_DIR_PATH}/Podfile.lock\" \"${PODS_ROOT}/Manifest.lock\" > /dev/null\nif [ $? != 0 ] ; then\n    # print error to STDERR\n    echo \"error: The sandbox is not in sync with the Podfile.lock. Run 'pod install' or update your CocoaPods installation.\" >&2\n    exit 1\nfi\n# This output is used by Xcode 'outputs' to avoid re-running this script phase.\necho \"SUCCESS\" > \"${SCRIPT_OUTPUT_FILE_0}\"\n";
			showEnvVarsInLog = 0;
		};
/* End PBXShellScriptBuildPhase section */

/* Begin PBXSourcesBuildPhase section */
		A2391C012EEC533100D34247 /* Sources */ = {
			isa = PBXSourcesBuildPhase;
			buildActionMask = 2147483647;
			files = (
			);
			runOnlyForDeploymentPostprocessing = 0;
		};
		A2391C0E2EEC533200D34247 /* Sources */ = {
			isa = PBXSourcesBuildPhase;
			buildActionMask = 2147483647;
			files = (
			);
			runOnlyForDeploymentPostprocessing = 0;
		};
		A2391C182EEC533200D34247 /* Sources */ = {
			isa = PBXSourcesBuildPhase;
			buildActionMask = 2147483647;
			files = (
			);
			runOnlyForDeploymentPostprocessing = 0;
		};
/* End PBXSourcesBuildPhase section */

/* Begin PBXTargetDependency section */
		A2391C142EEC533200D34247 /* PBXTargetDependency */ = {
			isa = PBXTargetDependency;
			target = A2391C042EEC533100D34247 /* YoutubeClone */;
			targetProxy = A2391C132EEC533200D34247 /* PBXContainerItemProxy */;
		};
		A2391C1E2EEC533200D34247 /* PBXTargetDependency */ = {
			isa = PBXTargetDependency;
			target = A2391C042EEC533100D34247 /* YoutubeClone */;
			targetProxy = A2391C1D2EEC533200D34247 /* PBXContainerItemProxy */;
		};
/* End PBXTargetDependency section */

/* Begin XCBuildConfiguration section */
		A2391C242EEC533200D34247 /* Debug */ = {
			isa = XCBuildConfiguration;
			baseConfigurationReferenceAnchor = A2391C072EEC533100D34247 /* YoutubeClone */;
			baseConfigurationReferenceRelativePath = Development.xcconfig;
			buildSettings = {
				ALWAYS_SEARCH_USER_PATHS = NO;
				ASSETCATALOG_COMPILER_GENERATE_SWIFT_ASSET_SYMBOL_EXTENSIONS = YES;
				CLANG_ANALYZER_NONNULL = YES;
				CLANG_ANALYZER_NUMBER_OBJECT_CONVERSION = YES_AGGRESSIVE;
				CLANG_CXX_LANGUAGE_STANDARD = "gnu++20";
				CLANG_ENABLE_MODULES = YES;
				CLANG_ENABLE_OBJC_ARC = YES;
				CLANG_ENABLE_OBJC_WEAK = YES;
				CLANG_WARN_BLOCK_CAPTURE_AUTORELEASING = YES;
				CLANG_WARN_BOOL_CONVERSION = YES;
				CLANG_WARN_COMMA = YES;
				CLANG_WARN_CONSTANT_CONVERSION = YES;
				CLANG_WARN_DEPRECATED_OBJC_IMPLEMENTATIONS = YES;
				CLANG_WARN_DIRECT_OBJC_ISA_USAGE = YES_ERROR;
				CLANG_WARN_DOCUMENTATION_COMMENTS = YES;
				CLANG_WARN_EMPTY_BODY = YES;
				CLANG_WARN_ENUM_CONVERSION = YES;
				CLANG_WARN_INFINITE_RECURSION = YES;
				CLANG_WARN_INT_CONVERSION = YES;
				CLANG_WARN_NON_LITERAL_NULL_CONVERSION = YES;
				CLANG_WARN_OBJC_IMPLICIT_RETAIN_SELF = YES;
				CLANG_WARN_OBJC_LITERAL_CONVERSION = YES;
				CLANG_WARN_OBJC_ROOT_CLASS = YES_ERROR;
				CLANG_WARN_QUOTED_INCLUDE_IN_FRAMEWORK_HEADER = YES;
				CLANG_WARN_RANGE_LOOP_ANALYSIS = YES;
				CLANG_WARN_STRICT_PROTOTYPES = YES;
				CLANG_WARN_SUSPICIOUS_MOVE = YES;
				CLANG_WARN_UNGUARDED_AVAILABILITY = YES_AGGRESSIVE;
				CLANG_WARN_UNREACHABLE_CODE = YES;
				CLANG_WARN__DUPLICATE_METHOD_MATCH = YES;
				COPY_PHASE_STRIP = NO;
				DEBUG_INFORMATION_FORMAT = dwarf;
				ENABLE_STRICT_OBJC_MSGSEND = YES;
				ENABLE_TESTABILITY = YES;
				ENABLE_USER_SCRIPT_SANDBOXING = YES;
				GCC_C_LANGUAGE_STANDARD = gnu17;
				GCC_DYNAMIC_NO_PIC = NO;
				GCC_NO_COMMON_BLOCKS = YES;
				GCC_OPTIMIZATION_LEVEL = 0;
				GCC_PREPROCESSOR_DEFINITIONS = (
					"DEBUG=1",
					"$(inherited)",
				);
				GCC_WARN_64_TO_32_BIT_CONVERSION = YES;
				GCC_WARN_ABOUT_RETURN_TYPE = YES_ERROR;
				GCC_WARN_UNDECLARED_SELECTOR = YES;
				GCC_WARN_UNINITIALIZED_AUTOS = YES_AGGRESSIVE;
				GCC_WARN_UNUSED_FUNCTION = YES;
				GCC_WARN_UNUSED_VARIABLE = YES;
				IPHONEOS_DEPLOYMENT_TARGET = 26.1;
				LOCALIZATION_PREFERS_STRING_CATALOGS = YES;
				MTL_ENABLE_DEBUG_INFO = INCLUDE_SOURCE;
				MTL_FAST_MATH = YES;
				ONLY_ACTIVE_ARCH = YES;
				SDKROOT = iphoneos;
				SWIFT_ACTIVE_COMPILATION_CONDITIONS = "DEBUG $(inherited)";
				SWIFT_OPTIMIZATION_LEVEL = "-Onone";
			};
			name = Debug;
		};
		A2391C252EEC533200D34247 /* Release */ = {
			isa = XCBuildConfiguration;
			buildSettings = {
				ALWAYS_SEARCH_USER_PATHS = NO;
				ASSETCATALOG_COMPILER_GENERATE_SWIFT_ASSET_SYMBOL_EXTENSIONS = YES;
				CLANG_ANALYZER_NONNULL = YES;
				CLANG_ANALYZER_NUMBER_OBJECT_CONVERSION = YES_AGGRESSIVE;
				CLANG_CXX_LANGUAGE_STANDARD = "gnu++20";
				CLANG_ENABLE_MODULES = YES;
				CLANG_ENABLE_OBJC_ARC = YES;
				CLANG_ENABLE_OBJC_WEAK = YES;
				CLANG_WARN_BLOCK_CAPTURE_AUTORELEASING = YES;
				CLANG_WARN_BOOL_CONVERSION = YES;
				CLANG_WARN_COMMA = YES;
				CLANG_WARN_CONSTANT_CONVERSION = YES;
				CLANG_WARN_DEPRECATED_OBJC_IMPLEMENTATIONS = YES;
				CLANG_WARN_DIRECT_OBJC_ISA_USAGE = YES_ERROR;
				CLANG_WARN_DOCUMENTATION_COMMENTS = YES;
				CLANG_WARN_EMPTY_BODY = YES;
				CLANG_WARN_ENUM_CONVERSION = YES;
				CLANG_WARN_INFINITE_RECURSION = YES;
				CLANG_WARN_INT_CONVERSION = YES;
				CLANG_WARN_NON_LITERAL_NULL_CONVERSION = YES;
				CLANG_WARN_OBJC_IMPLICIT_RETAIN_SELF = YES;
				CLANG_WARN_OBJC_LITERAL_CONVERSION = YES;
				CLANG_WARN_OBJC_ROOT_CLASS = YES_ERROR;
				CLANG_WARN_QUOTED_INCLUDE_IN_FRAMEWORK_HEADER = YES;
				CLANG_WARN_RANGE_LOOP_ANALYSIS = YES;
				CLANG_WARN_STRICT_PROTOTYPES = YES;
				CLANG_WARN_SUSPICIOUS_MOVE = YES;
				CLANG_WARN_UNGUARDED_AVAILABILITY = YES_AGGRESSIVE;
				CLANG_WARN_UNREACHABLE_CODE = YES;
				CLANG_WARN__DUPLICATE_METHOD_MATCH = YES;
				COPY_PHASE_STRIP = NO;
				DEBUG_INFORMATION_FORMAT = "dwarf-with-dsym";
				ENABLE_NS_ASSERTIONS = NO;
				ENABLE_STRICT_OBJC_MSGSEND = YES;
				ENABLE_USER_SCRIPT_SANDBOXING = YES;
				GCC_C_LANGUAGE_STANDARD = gnu17;
				GCC_NO_COMMON_BLOCKS = YES;
				GCC_WARN_64_TO_32_BIT_CONVERSION = YES;
				GCC_WARN_ABOUT_RETURN_TYPE = YES_ERROR;
				GCC_WARN_UNDECLARED_SELECTOR = YES;
				GCC_WARN_UNINITIALIZED_AUTOS = YES_AGGRESSIVE;
				GCC_WARN_UNUSED_FUNCTION = YES;
				GCC_WARN_UNUSED_VARIABLE = YES;
				IPHONEOS_DEPLOYMENT_TARGET = 26.1;
				LOCALIZATION_PREFERS_STRING_CATALOGS = YES;
				MTL_ENABLE_DEBUG_INFO = NO;
				MTL_FAST_MATH = YES;
				SDKROOT = iphoneos;
				SWIFT_COMPILATION_MODE = wholemodule;
				VALIDATE_PRODUCT = YES;
			};
			name = Release;
		};
		A2391C272EEC533200D34247 /* Debug */ = {
			isa = XCBuildConfiguration;
			baseConfigurationReference = FBA87DFBE955AC05FD8911A9 /* Pods-YoutubeClone.debug.xcconfig */;
			buildSettings = {
				ASSETCATALOG_COMPILER_APPICON_NAME = AppIcon;
				ASSETCATALOG_COMPILER_GLOBAL_ACCENT_COLOR_NAME = AccentColor;
				CODE_SIGN_STYLE = Automatic;
				CURRENT_PROJECT_VERSION = 1;
				ENABLE_PREVIEWS = YES;
				GENERATE_INFOPLIST_FILE = YES;
				INFOPLIST_FILE = YoutubeClone/Info.plist;
				INFOPLIST_KEY_UIApplicationSceneManifest_Generation = YES;
				INFOPLIST_KEY_UIApplicationSupportsIndirectInputEvents = YES;
				INFOPLIST_KEY_UILaunchScreen_Generation = YES;
				INFOPLIST_KEY_UISupportedInterfaceOrientations_iPad = "UIInterfaceOrientationPortrait UIInterfaceOrientationPortraitUpsideDown UIInterfaceOrientationLandscapeLeft UIInterfaceOrientationLandscapeRight";
				INFOPLIST_KEY_UISupportedInterfaceOrientations_iPhone = "UIInterfaceOrientationPortrait UIInterfaceOrientationLandscapeLeft UIInterfaceOrientationLandscapeRight";
				LD_RUNPATH_SEARCH_PATHS = (
					"$(inherited)",
					"@executable_path/Frameworks",
				);
				MARKETING_VERSION = 1.0;
				PRODUCT_BUNDLE_IDENTIFIER = com.learning.YoutubeClone;
				PRODUCT_NAME = "$(TARGET_NAME)";
				STRING_CATALOG_GENERATE_SYMBOLS = YES;
				SWIFT_APPROACHABLE_CONCURRENCY = YES;
				SWIFT_DEFAULT_ACTOR_ISOLATION = MainActor;
				SWIFT_EMIT_LOC_STRINGS = YES;
				SWIFT_UPCOMING_FEATURE_MEMBER_IMPORT_VISIBILITY = YES;
				SWIFT_VERSION = 5.0;
				TARGETED_DEVICE_FAMILY = "1,2";
			};
			name = Debug;
		};
		A2391C282EEC533200D34247 /* Release */ = {
			isa = XCBuildConfiguration;
			baseConfigurationReference = 46946340BA0F5CCBE6B1E984 /* Pods-YoutubeClone.release.xcconfig */;
			buildSettings = {
				ASSETCATALOG_COMPILER_APPICON_NAME = AppIcon;
				ASSETCATALOG_COMPILER_GLOBAL_ACCENT_COLOR_NAME = AccentColor;
				CODE_SIGN_STYLE = Automatic;
				CURRENT_PROJECT_VERSION = 1;
				ENABLE_PREVIEWS = YES;
				GENERATE_INFOPLIST_FILE = YES;
				INFOPLIST_FILE = YoutubeClone/Info.plist;
				INFOPLIST_KEY_UIApplicationSceneManifest_Generation = YES;
				INFOPLIST_KEY_UIApplicationSupportsIndirectInputEvents = YES;
				INFOPLIST_KEY_UILaunchScreen_Generation = YES;
				INFOPLIST_KEY_UISupportedInterfaceOrientations_iPad = "UIInterfaceOrientationPortrait UIInterfaceOrientationPortraitUpsideDown UIInterfaceOrientationLandscapeLeft UIInterfaceOrientationLandscapeRight";
				INFOPLIST_KEY_UISupportedInterfaceOrientations_iPhone = "UIInterfaceOrientationPortrait UIInterfaceOrientationLandscapeLeft UIInterfaceOrientationLandscapeRight";
				LD_RUNPATH_SEARCH_PATHS = (
					"$(inherited)",
					"@executable_path/Frameworks",
				);
				MARKETING_VERSION = 1.0;
				PRODUCT_BUNDLE_IDENTIFIER = com.learning.YoutubeClone;
				PRODUCT_NAME = "$(TARGET_NAME)";
				STRING_CATALOG_GENERATE_SYMBOLS = YES;
				SWIFT_APPROACHABLE_CONCURRENCY = YES;
				SWIFT_DEFAULT_ACTOR_ISOLATION = MainActor;
				SWIFT_EMIT_LOC_STRINGS = YES;
				SWIFT_UPCOMING_FEATURE_MEMBER_IMPORT_VISIBILITY = YES;
				SWIFT_VERSION = 5.0;
				TARGETED_DEVICE_FAMILY = "1,2";
			};
			name = Release;
		};
		A2391C2A2EEC533200D34247 /* Debug */ = {
			isa = XCBuildConfiguration;
			baseConfigurationReference = 9D7F4FFB9467547F60AAE209 /* Pods-YoutubeCloneTests.debug.xcconfig */;
			buildSettings = {
				BUNDLE_LOADER = "$(TEST_HOST)";
				CODE_SIGN_STYLE = Automatic;
				CURRENT_PROJECT_VERSION = 1;
				GENERATE_INFOPLIST_FILE = YES;
				IPHONEOS_DEPLOYMENT_TARGET = 26.1;
				MARKETING_VERSION = 1.0;
				PRODUCT_BUNDLE_IDENTIFIER = com.learning.YoutubeCloneTests;
				PRODUCT_NAME = "$(TARGET_NAME)";
				STRING_CATALOG_GENERATE_SYMBOLS = NO;
				SWIFT_APPROACHABLE_CONCURRENCY = YES;
				SWIFT_EMIT_LOC_STRINGS = NO;
				SWIFT_UPCOMING_FEATURE_MEMBER_IMPORT_VISIBILITY = YES;
				SWIFT_VERSION = 5.0;
				TARGETED_DEVICE_FAMILY = "1,2";
				TEST_HOST = "$(BUILT_PRODUCTS_DIR)/YoutubeClone.app/$(BUNDLE_EXECUTABLE_FOLDER_PATH)/YoutubeClone";
			};
			name = Debug;
		};
		A2391C2B2EEC533200D34247 /* Release */ = {
			isa = XCBuildConfiguration;
			baseConfigurationReference = E494297D8A816405271E5928 /* Pods-YoutubeCloneTests.release.xcconfig */;
			buildSettings = {
				BUNDLE_LOADER = "$(TEST_HOST)";
				CODE_SIGN_STYLE = Automatic;
				CURRENT_PROJECT_VERSION = 1;
				GENERATE_INFOPLIST_FILE = YES;
				IPHONEOS_DEPLOYMENT_TARGET = 26.1;
				MARKETING_VERSION = 1.0;
				PRODUCT_BUNDLE_IDENTIFIER = com.learning.YoutubeCloneTests;
				PRODUCT_NAME = "$(TARGET_NAME)";
				STRING_CATALOG_GENERATE_SYMBOLS = NO;
				SWIFT_APPROACHABLE_CONCURRENCY = YES;
				SWIFT_EMIT_LOC_STRINGS = NO;
				SWIFT_UPCOMING_FEATURE_MEMBER_IMPORT_VISIBILITY = YES;
				SWIFT_VERSION = 5.0;
				TARGETED_DEVICE_FAMILY = "1,2";
				TEST_HOST = "$(BUILT_PRODUCTS_DIR)/YoutubeClone.app/$(BUNDLE_EXECUTABLE_FOLDER_PATH)/YoutubeClone";
			};
			name = Release;
		};
		A2391C2D2EEC533200D34247 /* Debug */ = {
			isa = XCBuildConfiguration;
			baseConfigurationReference = 32B6D8945F83B86357C64912 /* Pods-YoutubeClone-YoutubeCloneUITests.debug.xcconfig */;
			buildSettings = {
				CODE_SIGN_STYLE = Automatic;
				CURRENT_PROJECT_VERSION = 1;
				GENERATE_INFOPLIST_FILE = YES;
				MARKETING_VERSION = 1.0;
				PRODUCT_BUNDLE_IDENTIFIER = com.learning.YoutubeCloneUITests;
				PRODUCT_NAME = "$(TARGET_NAME)";
				STRING_CATALOG_GENERATE_SYMBOLS = NO;
				SWIFT_APPROACHABLE_CONCURRENCY = YES;
				SWIFT_EMIT_LOC_STRINGS = NO;
				SWIFT_UPCOMING_FEATURE_MEMBER_IMPORT_VISIBILITY = YES;
				SWIFT_VERSION = 5.0;
				TARGETED_DEVICE_FAMILY = "1,2";
				TEST_TARGET_NAME = YoutubeClone;
			};
			name = Debug;
		};
		A2391C2E2EEC533200D34247 /* Release */ = {
			isa = XCBuildConfiguration;
			baseConfigurationReference = FABBA2EB5D094885E970C307 /* Pods-YoutubeClone-YoutubeCloneUITests.release.xcconfig */;
			buildSettings = {
				CODE_SIGN_STYLE = Automatic;
				CURRENT_PROJECT_VERSION = 1;
				GENERATE_INFOPLIST_FILE = YES;
				MARKETING_VERSION = 1.0;
				PRODUCT_BUNDLE_IDENTIFIER = com.learning.YoutubeCloneUITests;
				PRODUCT_NAME = "$(TARGET_NAME)";
				STRING_CATALOG_GENERATE_SYMBOLS = NO;
				SWIFT_APPROACHABLE_CONCURRENCY = YES;
				SWIFT_EMIT_LOC_STRINGS = NO;
				SWIFT_UPCOMING_FEATURE_MEMBER_IMPORT_VISIBILITY = YES;
				SWIFT_VERSION = 5.0;
				TARGETED_DEVICE_FAMILY = "1,2";
				TEST_TARGET_NAME = YoutubeClone;
			};
			name = Release;
		};
/* End XCBuildConfiguration section */

/* Begin XCConfigurationList section */
		A2391C002EEC533100D34247 /* Build configuration list for PBXProject "YoutubeClone" */ = {
			isa = XCConfigurationList;
			buildConfigurations = (
				A2391C242EEC533200D34247 /* Debug */,
				A2391C252EEC533200D34247 /* Release */,
			);
			defaultConfigurationIsVisible = 0;
			defaultConfigurationName = Release;
		};
		A2391C262EEC533200D34247 /* Build configuration list for PBXNativeTarget "YoutubeClone" */ = {
			isa = XCConfigurationList;
			buildConfigurations = (
				A2391C272EEC533200D34247 /* Debug */,
				A2391C282EEC533200D34247 /* Release */,
			);
			defaultConfigurationIsVisible = 0;
			defaultConfigurationName = Release;
		};
		A2391C292EEC533200D34247 /* Build configuration list for PBXNativeTarget "YoutubeCloneTests" */ = {
			isa = XCConfigurationList;
			buildConfigurations = (
				A2391C2A2EEC533200D34247 /* Debug */,
				A2391C2B2EEC533200D34247 /* Release */,
			);
			defaultConfigurationIsVisible = 0;
			defaultConfigurationName = Release;
		};
		A2391C2C2EEC533200D34247 /* Build configuration list for PBXNativeTarget "YoutubeCloneUITests" */ = {
			isa = XCConfigurationList;
			buildConfigurations = (
				A2391C2D2EEC533200D34247 /* Debug */,
				A2391C2E2EEC533200D34247 /* Release */,
			);
			defaultConfigurationIsVisible = 0;
			defaultConfigurationName = Release;
		};
/* End XCConfigurationList section */

/* Begin XCRemoteSwiftPackageReference section */
		A2E54D942EEEF042006005B9 /* XCRemoteSwiftPackageReference "YouTubePlayerKit" */ = {
			isa = XCRemoteSwiftPackageReference;
			repositoryURL = "https://github.com/SvenTiigi/YouTubePlayerKit.git";
			requirement = {
				kind = upToNextMajorVersion;
				minimumVersion = 2.0.5;
			};
		};
/* End XCRemoteSwiftPackageReference section */

/* Begin XCSwiftPackageProductDependency section */
		A2E54D952EEEF076006005B9 /* YouTubePlayerKit */ = {
			isa = XCSwiftPackageProductDependency;
			package = A2E54D942EEEF042006005B9 /* XCRemoteSwiftPackageReference "YouTubePlayerKit" */;
			productName = YouTubePlayerKit;
		};
/* End XCSwiftPackageProductDependency section */
	};
	rootObject = A2391BFD2EEC533100D34247 /* Project object */;
}
